
Microsoft Visual Studio Solution File, Format Version 12.00
# Visual Studio Version 16
VisualStudioVersion = 16.0.30413.136
MinimumVisualStudioVersion = 10.0.40219.1
Project("{FAE04EC0-301F-11D3-BF4B-00C04F79EFBC}") = "GitHubBugReportDateSet", "GitHubBugReportDateSet.csproj", "{F4091D6D-B062-43B1-AE54-195B0BE29CBD}"
EndProject
Global
	GlobalSection(SolutionConfigurationPlatforms) = preSolution
		Debug|Any CPU = Debug|Any CPU
		Release|Any CPU = Release|Any CPU
	EndGlobalSection
	GlobalSection(ProjectConfigurationPlatforms) = postSolution
		{F4091D6D-B062-43B1-AE54-195B0BE29CBD}.Debug|Any CPU.ActiveCfg = Debug|Any CPU
		{F4091D6D-B062-43B1-AE54-195B0BE29CBD}.Debug|Any CPU.Build.0 = Debug|Any CPU
		{F4091D6D-B062-43B1-AE54-195B0BE29CBD}.Release|Any CPU.ActiveCfg = Release|Any CPU
		{F4091D6D-B062-43B1-AE54-195B0BE29CBD}.Release|Any CPU.Build.0 = Release|Any CPU
	EndGlobalSection
	GlobalSection(SolutionProperties) = preSolution
		HideSolutionNode = FALSE
	EndGlobalSection
	GlobalSection(ExtensibilityGlobals) = postSolution
		SolutionGuid = {B4639C5B-9B17-4F64-80FE-9240205F1A8B}
	EndGlobalSection
EndGlobal
